// !$*UTF8*$!
{
	archiveVersion = 1;
	classes = {
	};
	objectVersion = 56;
	objects = {

/* Begin PBXBuildFile section */
		D717857C2B2710A70058F89C /* exercise3.swift in Sources */ = {isa = PBXBuildFile; fileRef = D717857B2B2710A70058F89C /* exercise3.swift */; };
		D717857E2B2714220058F89C /* exercise4.swift in Sources */ = {isa = PBXBuildFile; fileRef = D717857D2B2714220058F89C /* exercise4.swift */; };
		D72A63802B20964E006CC32F /* SwiftExercisesApp.swift in Sources */ = {isa = PBXBuildFile; fileRef = D72A637F2B20964E006CC32F /* SwiftExercisesApp.swift */; };
		D72A63822B20964E006CC32F /* ContentView.swift in Sources */ = {isa = PBXBuildFile; fileRef = D72A63812B20964E006CC32F /* ContentView.swift */; };
		D72A63842B20964F006CC32F /* Assets.xcassets in Resources */ = {isa = PBXBuildFile; fileRef = D72A63832B20964F006CC32F /* Assets.xcassets */; };
		D72A63872B20964F006CC32F /* Preview Assets.xcassets in Resources */ = {isa = PBXBuildFile; fileRef = D72A63862B20964F006CC32F /* Preview Assets.xcassets */; };
		D72A63912B20964F006CC32F /* SwiftExercisesTests.swift in Sources */ = {isa = PBXBuildFile; fileRef = D72A63902B20964F006CC32F /* SwiftExercisesTests.swift */; };
		D72A639B2B20964F006CC32F /* SwiftExercisesUITests.swift in Sources */ = {isa = PBXBuildFile; fileRef = D72A639A2B20964F006CC32F /* SwiftExercisesUITests.swift */; };
		D72A639D2B20964F006CC32F /* firstexercise.swift in Sources */ = {isa = PBXBuildFile; fileRef = D72A639C2B20964F006CC32F /* firstexercise.swift */; };
		D72A63AA2B270300006CC32F /* secondExercise.swift in Sources */ = {isa = PBXBuildFile; fileRef = D72A63A92B270300006CC32F /* secondExercise.swift */; };
/* End PBXBuildFile section */

/* Begin PBXContainerItemProxy section */
		D72A638D2B20964F006CC32F /* PBXContainerItemProxy */ = {
			isa = PBXContainerItemProxy;
			containerPortal = D72A63742B20964E006CC32F /* Project object */;
			proxyType = 1;
			remoteGlobalIDString = D72A637B2B20964E006CC32F;
			remoteInfo = SwiftExercises;
		};
		D72A63972B20964F006CC32F /* PBXContainerItemProxy */ = {
			isa = PBXContainerItemProxy;
			containerPortal = D72A63742B20964E006CC32F /* Project object */;
			proxyType = 1;
			remoteGlobalIDString = D72A637B2B20964E006CC32F;
			remoteInfo = SwiftExercises;
		};
/* End PBXContainerItemProxy section */

/* Begin PBXFileReference section */
		D717857B2B2710A70058F89C /* exercise3.swift */ = {isa = PBXFileReference; lastKnownFileType = sourcecode.swift; path = exercise3.swift; sourceTree = "<group>"; };
		D717857D2B2714220058F89C /* exercise4.swift */ = {isa = PBXFileReference; lastKnownFileType = sourcecode.swift; path = exercise4.swift; sourceTree = "<group>"; };
		D72A637C2B20964E006CC32F /* SwiftExercises.app */ = {isa = PBXFileReference; explicitFileType = wrapper.application; includeInIndex = 0; path = SwiftExercises.app; sourceTree = BUILT_PRODUCTS_DIR; };
		D72A637F2B20964E006CC32F /* SwiftExercisesApp.swift */ = {isa = PBXFileReference; lastKnownFileType = sourcecode.swift; path = SwiftExercisesApp.swift; sourceTree = "<group>"; };
		D72A63812B20964E006CC32F /* ContentView.swift */ = {isa = PBXFileReference; lastKnownFileType = sourcecode.swift; path = ContentView.swift; sourceTree = "<group>"; };
		D72A63832B20964F006CC32F /* Assets.xcassets */ = {isa = PBXFileReference; lastKnownFileType = folder.assetcatalog; path = Assets.xcassets; sourceTree = "<group>"; };
		D72A63862B20964F006CC32F /* Preview Assets.xcassets */ = {isa = PBXFileReference; lastKnownFileType = folder.assetcatalog; path = "Preview Assets.xcassets"; sourceTree = "<group>"; };
		D72A638C2B20964F006CC32F /* SwiftExercisesTests.xctest */ = {isa = PBXFileReference; explicitFileType = wrapper.cfbundle; includeInIndex = 0; path = SwiftExercisesTests.xctest; sourceTree = BUILT_PRODUCTS_DIR; };
		D72A63902B20964F006CC32F /* SwiftExercisesTests.swift */ = {isa = PBXFileReference; lastKnownFileType = sourcecode.swift; path = SwiftExercisesTests.swift; sourceTree = "<group>"; };
		D72A63962B20964F006CC32F /* SwiftExercisesUITests.xctest */ = {isa = PBXFileReference; explicitFileType = wrapper.cfbundle; includeInIndex = 0; path = SwiftExercisesUITests.xctest; sourceTree = BUILT_PRODUCTS_DIR; };
		D72A639A2B20964F006CC32F /* SwiftExercisesUITests.swift */ = {isa = PBXFileReference; lastKnownFileType = sourcecode.swift; path = SwiftExercisesUITests.swift; sourceTree = "<group>"; };
		D72A639C2B20964F006CC32F /* firstexercise.swift */ = {isa = PBXFileReference; lastKnownFileType = sourcecode.swift; path = firstexercise.swift; sourceTree = "<group>"; };
		D72A63A92B270300006CC32F /* secondExercise.swift */ = {isa = PBXFileReference; lastKnownFileType = sourcecode.swift; path = secondExercise.swift; sourceTree = "<group>"; };
/* End PBXFileReference section */

/* Begin PBXFrameworksBuildPhase section */
		D72A63792B20964E006CC32F /* Frameworks */ = {
			isa = PBXFrameworksBuildPhase;
			buildActionMask = 2147483647;
			files = (
			);
			runOnlyForDeploymentPostprocessing = 0;
		};
		D72A63892B20964F006CC32F /* Frameworks */ = {
			isa = PBXFrameworksBuildPhase;
			buildActionMask = 2147483647;
			files = (
			);
			runOnlyForDeploymentPostprocessing = 0;
		};
		D72A63932B20964F006CC32F /* Frameworks */ = {
			isa = PBXFrameworksBuildPhase;
			buildActionMask = 2147483647;
			files = (
			);
			runOnlyForDeploymentPostprocessing = 0;
		};
/* End PBXFrameworksBuildPhase section */

/* Begin PBXGroup section */
		D72A63732B20964E006CC32F = {
			isa = PBXGroup;
			children = (
				D72A637E2B20964E006CC32F /* SwiftExercises */,
				D72A638F2B20964F006CC32F /* SwiftExercisesTests */,
				D72A63992B20964F006CC32F /* SwiftExercisesUITests */,
				D72A637D2B20964E006CC32F /* Products */,
			);
			sourceTree = "<group>";
		};
		D72A637D2B20964E006CC32F /* Products */ = {
			isa = PBXGroup;
			children = (
				D72A637C2B20964E006CC32F /* SwiftExercises.app */,
				D72A638C2B20964F006CC32F /* SwiftExercisesTests.xctest */,
				D72A63962B20964F006CC32F /* SwiftExercisesUITests.xctest */,
			);
			name = Products;
			sourceTree = "<group>";
		};
		D72A637E2B20964E006CC32F /* SwiftExercises */ = {
			isa = PBXGroup;
			children = (
				D72A637F2B20964E006CC32F /* SwiftExercisesApp.swift */,
				D72A63812B20964E006CC32F /* ContentView.swift */,
				D72A63832B20964F006CC32F /* Assets.xcassets */,
				D72A63852B20964F006CC32F /* Preview Content */,
			);
			path = SwiftExercises;
			sourceTree = "<group>";
		};
		D72A63852B20964F006CC32F /* Preview Content */ = {
			isa = PBXGroup;
			children = (
				D72A63862B20964F006CC32F /* Preview Assets.xcassets */,
			);
			path = "Preview Content";
			sourceTree = "<group>";
		};
		D72A638F2B20964F006CC32F /* SwiftExercisesTests */ = {
			isa = PBXGroup;
			children = (
				D72A63902B20964F006CC32F /* SwiftExercisesTests.swift */,
			);
			path = SwiftExercisesTests;
			sourceTree = "<group>";
		};
		D72A63992B20964F006CC32F /* SwiftExercisesUITests */ = {
			isa = PBXGroup;
			children = (
				D72A639A2B20964F006CC32F /* SwiftExercisesUITests.swift */,
				D72A639C2B20964F006CC32F /* firstexercise.swift */,
				D72A63A92B270300006CC32F /* secondExercise.swift */,
				D717857B2B2710A70058F89C /* exercise3.swift */,
				D717857D2B2714220058F89C /* exercise4.swift */,
			);
			path = SwiftExercisesUITests;
			sourceTree = "<group>";
		};
/* End PBXGroup section */

/* Begin PBXNativeTarget section */
		D72A637B2B20964E006CC32F /* SwiftExercises */ = {
			isa = PBXNativeTarget;
			buildConfigurationList = D72A63A02B20964F006CC32F /* Build configuration list for PBXNativeTarget "SwiftExercises" */;
			buildPhases = (
				D72A63782B20964E006CC32F /* Sources */,
				D72A63792B20964E006CC32F /* Frameworks */,
				D72A637A2B20964E006CC32F /* Resources */,
			);
			buildRules = (
			);
			dependencies = (
			);
			name = SwiftExercises;
			productName = SwiftExercises;
			productReference = D72A637C2B20964E006CC32F /* SwiftExercises.app */;
			productType = "com.apple.product-type.application";
		};
		D72A638B2B20964F006CC32F /* SwiftExercisesTests */ = {
			isa = PBXNativeTarget;
			buildConfigurationList = D72A63A32B20964F006CC32F /* Build configuration list for PBXNativeTarget "SwiftExercisesTests" */;
			buildPhases = (
				D72A63882B20964F006CC32F /* Sources */,
				D72A63892B20964F006CC32F /* Frameworks */,
				D72A638A2B20964F006CC32F /* Resources */,
			);
			buildRules = (
			);
			dependencies = (
				D72A638E2B20964F006CC32F /* PBXTargetDependency */,
			);
			name = SwiftExercisesTests;
			productName = SwiftExercisesTests;
			productReference = D72A638C2B20964F006CC32F /* SwiftExercisesTests.xctest */;
			productType = "com.apple.product-type.bundle.unit-test";
		};
		D72A63952B20964F006CC32F /* SwiftExercisesUITests */ = {
			isa = PBXNativeTarget;
			buildConfigurationList = D72A63A62B20964F006CC32F /* Build configuration list for PBXNativeTarget "SwiftExercisesUITests" */;
			buildPhases = (
				D72A63922B20964F006CC32F /* Sources */,
				D72A63932B20964F006CC32F /* Frameworks */,
				D72A63942B20964F006CC32F /* Resources */,
			);
			buildRules = (
			);
			dependencies = (
				D72A63982B20964F006CC32F /* PBXTargetDependency */,
			);
			name = SwiftExercisesUITests;
			productName = SwiftExercisesUITests;
			productReference = D72A63962B20964F006CC32F /* SwiftExercisesUITests.xctest */;
			productType = "com.apple.product-type.bundle.ui-testing";
		};
/* End PBXNativeTarget section */

/* Begin PBXProject section */
		D72A63742B20964E006CC32F /* Project object */ = {
			isa = PBXProject;
			attributes = {
				BuildIndependentTargetsInParallel = 1;
				LastSwiftUpdateCheck = 1500;
				LastUpgradeCheck = 1500;
				TargetAttributes = {
					D72A637B2B20964E006CC32F = {
						CreatedOnToolsVersion = 15.0;
					};
					D72A638B2B20964F006CC32F = {
						CreatedOnToolsVersion = 15.0;
						TestTargetID = D72A637B2B20964E006CC32F;
					};
					D72A63952B20964F006CC32F = {
						CreatedOnToolsVersion = 15.0;
						TestTargetID = D72A637B2B20964E006CC32F;
					};
				};
			};
			buildConfigurationList = D72A63772B20964E006CC32F /* Build configuration list for PBXProject "SwiftExercises" */;
			compatibilityVersion = "Xcode 14.0";
			developmentRegion = en;
			hasScannedForEncodings = 0;
			knownRegions = (
				en,
				Base,
			);
			mainGroup = D72A63732B20964E006CC32F;
			productRefGroup = D72A637D2B20964E006CC32F /* Products */;
			projectDirPath = "";
			projectRoot = "";
			targets = (
				D72A637B2B20964E006CC32F /* SwiftExercises */,
				D72A638B2B20964F006CC32F /* SwiftExercisesTests */,
				D72A63952B20964F006CC32F /* SwiftExercisesUITests */,
			);
		};
/* End PBXProject section */

/* Begin PBXResourcesBuildPhase section */
		D72A637A2B20964E006CC32F /* Resources */ = {
			isa = PBXResourcesBuildPhase;
			buildActionMask = 2147483647;
			files = (
				D72A63872B20964F006CC32F /* Preview Assets.xcassets in Resources */,
				D72A63842B20964F006CC32F /* Assets.xcassets in Resources */,
			);
			runOnlyForDeploymentPostprocessing = 0;
		};
		D72A638A2B20964F006CC32F /* Resources */ = {
			isa = PBXResourcesBuildPhase;
			buildActionMask = 2147483647;
			files = (
			);
			runOnlyForDeploymentPostprocessing = 0;
		};
		D72A63942B20964F006CC32F /* Resources */ = {
			isa = PBXResourcesBuildPhase;
			buildActionMask = 2147483647;
			files = (
			);
			runOnlyForDeploymentPostprocessing = 0;
		};
/* End PBXResourcesBuildPhase section */

/* Begin PBXSourcesBuildPhase section */
		D72A63782B20964E006CC32F /* Sources */ = {
			isa = PBXSourcesBuildPhase;
			buildActionMask = 2147483647;
			files = (
				D72A63822B20964E006CC32F /* ContentView.swift in Sources */,
				D72A63802B20964E006CC32F /* SwiftExercisesApp.swift in Sources */,
			);
			runOnlyForDeploymentPostprocessing = 0;
		};
		D72A63882B20964F006CC32F /* Sources */ = {
			isa = PBXSourcesBuildPhase;
			buildActionMask = 2147483647;
			files = (
				D72A63912B20964F006CC32F /* SwiftExercisesTests.swift in Sources */,
			);
			runOnlyForDeploymentPostprocessing = 0;
		};
		D72A63922B20964F006CC32F /* Sources */ = {
			isa = PBXSourcesBuildPhase;
			buildActionMask = 2147483647;
			files = (
				D72A63AA2B270300006CC32F /* secondExercise.swift in Sources */,
				D72A639D2B20964F006CC32F /* firstexercise.swift in Sources */,
				D72A639B2B20964F006CC32F /* SwiftExercisesUITests.swift in Sources */,
				D717857E2B2714220058F89C /* exercise4.swift in Sources */,
				D717857C2B2710A70058F89C /* exercise3.swift in Sources */,
			);
			runOnlyForDeploymentPostprocessing = 0;
		};
/* End PBXSourcesBuildPhase section */

/* Begin PBXTargetDependency section */
		D72A638E2B20964F006CC32F /* PBXTargetDependency */ = {
			isa = PBXTargetDependency;
			target = D72A637B2B20964E006CC32F /* SwiftExercises */;
			targetProxy = D72A638D2B20964F006CC32F /* PBXContainerItemProxy */;
		};
		D72A63982B20964F006CC32F /* PBXTargetDependency */ = {
			isa = PBXTargetDependency;
			target = D72A637B2B20964E006CC32F /* SwiftExercises */;
			targetProxy = D72A63972B20964F006CC32F /* PBXContainerItemProxy */;
		};
/* End PBXTargetDependency section */

/* Begin XCBuildConfiguration section */
		D72A639E2B20964F006CC32F /* Debug */ = {
			isa = XCBuildConfiguration;
			buildSettings = {
				ALWAYS_SEARCH_USER_PATHS = NO;
				ASSETCATALOG_COMPILER_GENERATE_SWIFT_ASSET_SYMBOL_EXTENSIONS = YES;
				CLANG_ANALYZER_NONNULL = YES;
				CLANG_ANALYZER_NUMBER_OBJECT_CONVERSION = YES_AGGRESSIVE;
				CLANG_CXX_LANGUAGE_STANDARD = "gnu++20";
				CLANG_ENABLE_MODULES = YES;
				CLANG_ENABLE_OBJC_ARC = YES;
				CLANG_ENABLE_OBJC_WEAK = YES;
				CLANG_WARN_BLOCK_CAPTURE_AUTORELEASING = YES;
				CLANG_WARN_BOOL_CONVERSION = YES;
				CLANG_WARN_COMMA = YES;
				CLANG_WARN_CONSTANT_CONVERSION = YES;
				CLANG_WARN_DEPRECATED_OBJC_IMPLEMENTATIONS = YES;
				CLANG_WARN_DIRECT_OBJC_ISA_USAGE = YES_ERROR;
				CLANG_WARN_DOCUMENTATION_COMMENTS = YES;
				CLANG_WARN_EMPTY_BODY = YES;
				CLANG_WARN_ENUM_CONVERSION = YES;
				CLANG_WARN_INFINITE_RECURSION = YES;
				CLANG_WARN_INT_CONVERSION = YES;
				CLANG_WARN_NON_LITERAL_NULL_CONVERSION = YES;
				CLANG_WARN_OBJC_IMPLICIT_RETAIN_SELF = YES;
				CLANG_WARN_OBJC_LITERAL_CONVERSION = YES;
				CLANG_WARN_OBJC_ROOT_CLASS = YES_ERROR;
				CLANG_WARN_QUOTED_INCLUDE_IN_FRAMEWORK_HEADER = YES;
				CLANG_WARN_RANGE_LOOP_ANALYSIS = YES;
				CLANG_WARN_STRICT_PROTOTYPES = YES;
				CLANG_WARN_SUSPICIOUS_MOVE = YES;
				CLANG_WARN_UNGUARDED_AVAILABILITY = YES_AGGRESSIVE;
				CLANG_WARN_UNREACHABLE_CODE = YES;
				CLANG_WARN__DUPLICATE_METHOD_MATCH = YES;
				COPY_PHASE_STRIP = NO;
				DEBUG_INFORMATION_FORMAT = dwarf;
				ENABLE_STRICT_OBJC_MSGSEND = YES;
				ENABLE_TESTABILITY = YES;
				ENABLE_USER_SCRIPT_SANDBOXING = YES;
				GCC_C_LANGUAGE_STANDARD = gnu17;
				GCC_DYNAMIC_NO_PIC = NO;
				GCC_NO_COMMON_BLOCKS = YES;
				GCC_OPTIMIZATION_LEVEL = 0;
				GCC_PREPROCESSOR_DEFINITIONS = (
					"DEBUG=1",
					"$(inherited)",
				);
				GCC_WARN_64_TO_32_BIT_CONVERSION = YES;
				GCC_WARN_ABOUT_RETURN_TYPE = YES_ERROR;
				GCC_WARN_UNDECLARED_SELECTOR = YES;
				GCC_WARN_UNINITIALIZED_AUTOS = YES_AGGRESSIVE;
				GCC_WARN_UNUSED_FUNCTION = YES;
				GCC_WARN_UNUSED_VARIABLE = YES;
				IPHONEOS_DEPLOYMENT_TARGET = 17.0;
				LOCALIZATION_PREFERS_STRING_CATALOGS = YES;
				MTL_ENABLE_DEBUG_INFO = INCLUDE_SOURCE;
				MTL_FAST_MATH = YES;
				ONLY_ACTIVE_ARCH = YES;
				SDKROOT = iphoneos;
				SWIFT_ACTIVE_COMPILATION_CONDITIONS = "DEBUG $(inherited)";
				SWIFT_OPTIMIZATION_LEVEL = "-Onone";
			};
			name = Debug;
		};
		D72A639F2B20964F006CC32F /* Release */ = {
			isa = XCBuildConfiguration;
			buildSettings = {
				ALWAYS_SEARCH_USER_PATHS = NO;
				ASSETCATALOG_COMPILER_GENERATE_SWIFT_ASSET_SYMBOL_EXTENSIONS = YES;
				CLANG_ANALYZER_NONNULL = YES;
				CLANG_ANALYZER_NUMBER_OBJECT_CONVERSION = YES_AGGRESSIVE;
				CLANG_CXX_LANGUAGE_STANDARD = "gnu++20";
				CLANG_ENABLE_MODULES = YES;
				CLANG_ENABLE_OBJC_ARC = YES;
				CLANG_ENABLE_OBJC_WEAK = YES;
				CLANG_WARN_BLOCK_CAPTURE_AUTORELEASING = YES;
				CLANG_WARN_BOOL_CONVERSION = YES;
				CLANG_WARN_COMMA = YES;
				CLANG_WARN_CONSTANT_CONVERSION = YES;
				CLANG_WARN_DEPRECATED_OBJC_IMPLEMENTATIONS = YES;
				CLANG_WARN_DIRECT_OBJC_ISA_USAGE = YES_ERROR;
				CLANG_WARN_DOCUMENTATION_COMMENTS = YES;
				CLANG_WARN_EMPTY_BODY = YES;
				CLANG_WARN_ENUM_CONVERSION = YES;
				CLANG_WARN_INFINITE_RECURSION = YES;
				CLANG_WARN_INT_CONVERSION = YES;
				CLANG_WARN_NON_LITERAL_NULL_CONVERSION = YES;
				CLANG_WARN_OBJC_IMPLICIT_RETAIN_SELF = YES;
				CLANG_WARN_OBJC_LITERAL_CONVERSION = YES;
				CLANG_WARN_OBJC_ROOT_CLASS = YES_ERROR;
				CLANG_WARN_QUOTED_INCLUDE_IN_FRAMEWORK_HEADER = YES;
				CLANG_WARN_RANGE_LOOP_ANALYSIS = YES;
				CLANG_WARN_STRICT_PROTOTYPES = YES;
				CLANG_WARN_SUSPICIOUS_MOVE = YES;
				CLANG_WARN_UNGUARDED_AVAILABILITY = YES_AGGRESSIVE;
				CLANG_WARN_UNREACHABLE_CODE = YES;
				CLANG_WARN__DUPLICATE_METHOD_MATCH = YES;
				COPY_PHASE_STRIP = NO;
				DEBUG_INFORMATION_FORMAT = "dwarf-with-dsym";
				ENABLE_NS_ASSERTIONS = NO;
				ENABLE_STRICT_OBJC_MSGSEND = YES;
				ENABLE_USER_SCRIPT_SANDBOXING = YES;
				GCC_C_LANGUAGE_STANDARD = gnu17;
				GCC_NO_COMMON_BLOCKS = YES;
				GCC_WARN_64_TO_32_BIT_CONVERSION = YES;
				GCC_WARN_ABOUT_RETURN_TYPE = YES_ERROR;
				GCC_WARN_UNDECLARED_SELECTOR = YES;
				GCC_WARN_UNINITIALIZED_AUTOS = YES_AGGRESSIVE;
				GCC_WARN_UNUSED_FUNCTION = YES;
				GCC_WARN_UNUSED_VARIABLE = YES;
				IPHONEOS_DEPLOYMENT_TARGET = 17.0;
				LOCALIZATION_PREFERS_STRING_CATALOGS = YES;
				MTL_ENABLE_DEBUG_INFO = NO;
				MTL_FAST_MATH = YES;
				SDKROOT = iphoneos;
				SWIFT_COMPILATION_MODE = wholemodule;
				VALIDATE_PRODUCT = YES;
			};
			name = Release;
		};
		D72A63A12B20964F006CC32F /* Debug */ = {
			isa = XCBuildConfiguration;
			buildSettings = {
				ASSETCATALOG_COMPILER_APPICON_NAME = AppIcon;
				ASSETCATALOG_COMPILER_GLOBAL_ACCENT_COLOR_NAME = AccentColor;
				CODE_SIGN_STYLE = Automatic;
				CURRENT_PROJECT_VERSION = 1;
				DEVELOPMENT_ASSET_PATHS = "\"SwiftExercises/Preview Content\"";
				DEVELOPMENT_TEAM = 579DK7H5M9;
				ENABLE_PREVIEWS = YES;
				GENERATE_INFOPLIST_FILE = YES;
				INFOPLIST_KEY_UIApplicationSceneManifest_Generation = YES;
				INFOPLIST_KEY_UIApplicationSupportsIndirectInputEvents = YES;
				INFOPLIST_KEY_UILaunchScreen_Generation = YES;
				INFOPLIST_KEY_UISupportedInterfaceOrientations_iPad = "UIInterfaceOrientationPortrait UIInterfaceOrientationPortraitUpsideDown UIInterfaceOrientationLandscapeLeft UIInterfaceOrientationLandscapeRight";
				INFOPLIST_KEY_UISupportedInterfaceOrientations_iPhone = "UIInterfaceOrientationPortrait UIInterfaceOrientationLandscapeLeft UIInterfaceOrientationLandscapeRight";
				LD_RUNPATH_SEARCH_PATHS = (
					"$(inherited)",
					"@executable_path/Frameworks",
				);
				MARKETING_VERSION = 1.0;
				PRODUCT_BUNDLE_IDENTIFIER = HgPrograms.SwiftExercises;
				PRODUCT_NAME = "$(TARGET_NAME)";
				SWIFT_EMIT_LOC_STRINGS = YES;
				SWIFT_VERSION = 5.0;
				TARGETED_DEVICE_FAMILY = "1,2";
			};
			name = Debug;
		};
		D72A63A22B20964F006CC32F /* Release */ = {
			isa = XCBuildConfiguration;
			buildSettings = {
				ASSETCATALOG_COMPILER_APPICON_NAME = AppIcon;
				ASSETCATALOG_COMPILER_GLOBAL_ACCENT_COLOR_NAME = AccentColor;
				CODE_SIGN_STYLE = Automatic;
				CURRENT_PROJECT_VERSION = 1;
				DEVELOPMENT_ASSET_PATHS = "\"SwiftExercises/Preview Content\"";
				DEVELOPMENT_TEAM = 579DK7H5M9;
				ENABLE_PREVIEWS = YES;
				GENERATE_INFOPLIST_FILE = YES;
				INFOPLIST_KEY_UIApplicationSceneManifest_Generation = YES;
				INFOPLIST_KEY_UIApplicationSupportsIndirectInputEvents = YES;
				INFOPLIST_KEY_UILaunchScreen_Generation = YES;
				INFOPLIST_KEY_UISupportedInterfaceOrientations_iPad = "UIInterfaceOrientationPortrait UIInterfaceOrientationPortraitUpsideDown UIInterfaceOrientationLandscapeLeft UIInterfaceOrientationLandscapeRight";
				INFOPLIST_KEY_UISupportedInterfaceOrientations_iPhone = "UIInterfaceOrientationPortrait UIInterfaceOrientationLandscapeLeft UIInterfaceOrientationLandscapeRight";
				LD_RUNPATH_SEARCH_PATHS = (
					"$(inherited)",
					"@executable_path/Frameworks",
				);
				MARKETING_VERSION = 1.0;
				PRODUCT_BUNDLE_IDENTIFIER = HgPrograms.SwiftExercises;
				PRODUCT_NAME = "$(TARGET_NAME)";
				SWIFT_EMIT_LOC_STRINGS = YES;
				SWIFT_VERSION = 5.0;
				TARGETED_DEVICE_FAMILY = "1,2";
			};
			name = Release;
		};
		D72A63A42B20964F006CC32F /* Debug */ = {
			isa = XCBuildConfiguration;
			buildSettings = {
				ALWAYS_EMBED_SWIFT_STANDARD_LIBRARIES = YES;
				BUNDLE_LOADER = "$(TEST_HOST)";
				CODE_SIGN_STYLE = Automatic;
				CURRENT_PROJECT_VERSION = 1;
				DEVELOPMENT_TEAM = 579DK7H5M9;
				GENERATE_INFOPLIST_FILE = YES;
				IPHONEOS_DEPLOYMENT_TARGET = 17.0;
				MARKETING_VERSION = 1.0;
				PRODUCT_BUNDLE_IDENTIFIER = HgPrograms.SwiftExercisesTests;
				PRODUCT_NAME = "$(TARGET_NAME)";
				SWIFT_EMIT_LOC_STRINGS = NO;
				SWIFT_VERSION = 5.0;
				TARGETED_DEVICE_FAMILY = "1,2";
				TEST_HOST = "$(BUILT_PRODUCTS_DIR)/SwiftExercises.app/$(BUNDLE_EXECUTABLE_FOLDER_PATH)/SwiftExercises";
			};
			name = Debug;
		};
		D72A63A52B20964F006CC32F /* Release */ = {
			isa = XCBuildConfiguration;
			buildSettings = {
				ALWAYS_EMBED_SWIFT_STANDARD_LIBRARIES = YES;
				BUNDLE_LOADER = "$(TEST_HOST)";
				CODE_SIGN_STYLE = Automatic;
				CURRENT_PROJECT_VERSION = 1;
				DEVELOPMENT_TEAM = 579DK7H5M9;
				GENERATE_INFOPLIST_FILE = YES;
				IPHONEOS_DEPLOYMENT_TARGET = 17.0;
				MARKETING_VERSION = 1.0;
				PRODUCT_BUNDLE_IDENTIFIER = HgPrograms.SwiftExercisesTests;
				PRODUCT_NAME = "$(TARGET_NAME)";
				SWIFT_EMIT_LOC_STRINGS = NO;
				SWIFT_VERSION = 5.0;
				TARGETED_DEVICE_FAMILY = "1,2";
				TEST_HOST = "$(BUILT_PRODUCTS_DIR)/SwiftExercises.app/$(BUNDLE_EXECUTABLE_FOLDER_PATH)/SwiftExercises";
			};
			name = Release;
		};
		D72A63A72B20964F006CC32F /* Debug */ = {
			isa = XCBuildConfiguration;
			buildSettings = {
				ALWAYS_EMBED_SWIFT_STANDARD_LIBRARIES = YES;
				CODE_SIGN_STYLE = Automatic;
				CURRENT_PROJECT_VERSION = 1;
				DEVELOPMENT_TEAM = 579DK7H5M9;
				GENERATE_INFOPLIST_FILE = YES;
				MARKETING_VERSION = 1.0;
				PRODUCT_BUNDLE_IDENTIFIER = HgPrograms.SwiftExercisesUITests;
				PRODUCT_NAME = "$(TARGET_NAME)";
				SWIFT_EMIT_LOC_STRINGS = NO;
				SWIFT_VERSION = 5.0;
				TARGETED_DEVICE_FAMILY = "1,2";
				TEST_TARGET_NAME = SwiftExercises;
			};
			name = Debug;
		};
		D72A63A82B20964F006CC32F /* Release */ = {
			isa = XCBuildConfiguration;
			buildSettings = {
				ALWAYS_EMBED_SWIFT_STANDARD_LIBRARIES = YES;
				CODE_SIGN_STYLE = Automatic;
				CURRENT_PROJECT_VERSION = 1;
				DEVELOPMENT_TEAM = 579DK7H5M9;
				GENERATE_INFOPLIST_FILE = YES;
				MARKETING_VERSION = 1.0;
				PRODUCT_BUNDLE_IDENTIFIER = HgPrograms.SwiftExercisesUITests;
				PRODUCT_NAME = "$(TARGET_NAME)";
				SWIFT_EMIT_LOC_STRINGS = NO;
				SWIFT_VERSION = 5.0;
				TARGETED_DEVICE_FAMILY = "1,2";
				TEST_TARGET_NAME = SwiftExercises;
			};
			name = Release;
		};
/* End XCBuildConfiguration section */

/* Begin XCConfigurationList section */
		D72A63772B20964E006CC32F /* Build configuration list for PBXProject "SwiftExercises" */ = {
			isa = XCConfigurationList;
			buildConfigurations = (
				D72A639E2B20964F006CC32F /* Debug */,
				D72A639F2B20964F006CC32F /* Release */,
			);
			defaultConfigurationIsVisible = 0;
			defaultConfigurationName = Release;
		};
		D72A63A02B20964F006CC32F /* Build configuration list for PBXNativeTarget "SwiftExercises" */ = {
			isa = XCConfigurationList;
			buildConfigurations = (
				D72A63A12B20964F006CC32F /* Debug */,
				D72A63A22B20964F006CC32F /* Release */,
			);
			defaultConfigurationIsVisible = 0;
			defaultConfigurationName = Release;
		};
		D72A63A32B20964F006CC32F /* Build configuration list for PBXNativeTarget "SwiftExercisesTests" */ = {
			isa = XCConfigurationList;
			buildConfigurations = (
				D72A63A42B20964F006CC32F /* Debug */,
				D72A63A52B20964F006CC32F /* Release */,
			);
			defaultConfigurationIsVisible = 0;
			defaultConfigurationName = Release;
		};
		D72A63A62B20964F006CC32F /* Build configuration list for PBXNativeTarget "SwiftExercisesUITests" */ = {
			isa = XCConfigurationList;
			buildConfigurations = (
				D72A63A72B20964F006CC32F /* Debug */,
				D72A63A82B20964F006CC32F /* Release */,
			);
			defaultConfigurationIsVisible = 0;
			defaultConfigurationName = Release;
		};
/* End XCConfigurationList section */
	};
	rootObject = D72A63742B20964E006CC32F /* Project object */;
}
